// !$*UTF8*$!
{
	archiveVersion = 1;
	classes = {
	};
	objectVersion = 50;
	objects = {

/* Begin PBXBuildFile section */
		165B28CF259EED7D00FEAFBD /* AppDelegate.m in Sources */ = {isa = PBXBuildFile; fileRef = 165B28CE259EED7D00FEAFBD /* AppDelegate.m */; };
		165B28D2259EED7D00FEAFBD /* SceneDelegate.m in Sources */ = {isa = PBXBuildFile; fileRef = 165B28D1259EED7D00FEAFBD /* SceneDelegate.m */; };
		165B28D5259EED7D00FEAFBD /* ViewController.m in Sources */ = {isa = PBXBuildFile; fileRef = 165B28D4259EED7D00FEAFBD /* ViewController.m */; };
		165B28D8259EED7D00FEAFBD /* Main.storyboard in Resources */ = {isa = PBXBuildFile; fileRef = 165B28D6259EED7D00FEAFBD /* Main.storyboard */; };
		165B28DA259EED7F00FEAFBD /* Assets.xcassets in Resources */ = {isa = PBXBuildFile; fileRef = 165B28D9259EED7F00FEAFBD /* Assets.xcassets */; };
		165B28DD259EED7F00FEAFBD /* LaunchScreen.storyboard in Resources */ = {isa = PBXBuildFile; fileRef = 165B28DB259EED7F00FEAFBD /* LaunchScreen.storyboard */; };
		165B28E0259EED7F00FEAFBD /* main.m in Sources */ = {isa = PBXBuildFile; fileRef = 165B28DF259EED7F00FEAFBD /* main.m */; };
/* End PBXBuildFile section */

/* Begin PBXFileReference section */
		165B28CA259EED7D00FEAFBD /* CustomOperationControl.app */ = {isa = PBXFileReference; explicitFileType = wrapper.application; includeInIndex = 0; path = CustomOperationControl.app; sourceTree = BUILT_PRODUCTS_DIR; };
		165B28CD259EED7D00FEAFBD /* AppDelegate.h */ = {isa = PBXFileReference; lastKnownFileType = sourcecode.c.h; path = AppDelegate.h; sourceTree = "<group>"; };
		165B28CE259EED7D00FEAFBD /* AppDelegate.m */ = {isa = PBXFileReference; lastKnownFileType = sourcecode.c.objc; path = AppDelegate.m; sourceTree = "<group>"; };
		165B28D0259EED7D00FEAFBD /* SceneDelegate.h */ = {isa = PBXFileReference; lastKnownFileType = sourcecode.c.h; path = SceneDelegate.h; sourceTree = "<group>"; };
		165B28D1259EED7D00FEAFBD /* SceneDelegate.m */ = {isa = PBXFileReference; lastKnownFileType = sourcecode.c.objc; path = SceneDelegate.m; sourceTree = "<group>"; };
		165B28D3259EED7D00FEAFBD /* ViewController.h */ = {isa = PBXFileReference; lastKnownFileType = sourcecode.c.h; path = ViewController.h; sourceTree = "<group>"; };
		165B28D4259EED7D00FEAFBD /* ViewController.m */ = {isa = PBXFileReference; lastKnownFileType = sourcecode.c.objc; path = ViewController.m; sourceTree = "<group>"; };
		165B28D7259EED7D00FEAFBD /* Base */ = {isa = PBXFileReference; lastKnownFileType = file.storyboard; name = Base; path = Base.lproj/Main.storyboard; sourceTree = "<group>"; };
		165B28D9259EED7F00FEAFBD /* Assets.xcassets */ = {isa = PBXFileReference; lastKnownFileType = folder.assetcatalog; path = Assets.xcassets; sourceTree = "<group>"; };
		165B28DC259EED7F00FEAFBD /* Base */ = {isa = PBXFileReference; lastKnownFileType = file.storyboard; name = Base; path = Base.lproj/LaunchScreen.storyboard; sourceTree = "<group>"; };
		165B28DE259EED7F00FEAFBD /* Info.plist */ = {isa = PBXFileReference; lastKnownFileType = text.plist.xml; path = Info.plist; sourceTree = "<group>"; };
		165B28DF259EED7F00FEAFBD /* main.m */ = {isa = PBXFileReference; lastKnownFileType = sourcecode.c.objc; path = main.m; sourceTree = "<group>"; };
/* End PBXFileReference section */

/* Begin PBXFrameworksBuildPhase section */
		165B28C7259EED7D00FEAFBD /* Frameworks */ = {
			isa = PBXFrameworksBuildPhase;
			buildActionMask = 2147483647;
			files = (
			);
			runOnlyForDeploymentPostprocessing = 0;
		};
/* End PBXFrameworksBuildPhase section */

/* Begin PBXGroup section */
		165B28C1259EED7D00FEAFBD = {
			isa = PBXGroup;
			children = (
				165B28CC259EED7D00FEAFBD /* CustomOperationControl */,
				165B28CB259EED7D00FEAFBD /* Products */,
			);
			sourceTree = "<group>";
		};
		165B28CB259EED7D00FEAFBD /* Products */ = {
			isa = PBXGroup;
			children = (
				165B28CA259EED7D00FEAFBD /* CustomOperationControl.app */,
			);
			name = Products;
			sourceTree = "<group>";
		};
		165B28CC259EED7D00FEAFBD /* CustomOperationControl */ = {
			isa = PBXGroup;
			children = (
				165B28CD259EED7D00FEAFBD /* AppDelegate.h */,
				165B28CE259EED7D00FEAFBD /* AppDelegate.m */,
				165B28D0259EED7D00FEAFBD /* SceneDelegate.h */,
				165B28D1259EED7D00FEAFBD /* SceneDelegate.m */,
				165B28D3259EED7D00FEAFBD /* ViewController.h */,
				165B28D4259EED7D00FEAFBD /* ViewController.m */,
				165B28D6259EED7D00FEAFBD /* Main.storyboard */,
				165B28D9259EED7F00FEAFBD /* Assets.xcassets */,
				165B28DB259EED7F00FEAFBD /* LaunchScreen.storyboard */,
				165B28DE259EED7F00FEAFBD /* Info.plist */,
				165B28DF259EED7F00FEAFBD /* main.m */,
			);
			path = CustomOperationControl;
			sourceTree = "<group>";
		};
/* End PBXGroup section */

/* Begin PBXNativeTarget section */
		165B28C9259EED7D00FEAFBD /* CustomOperationControl */ = {
			isa = PBXNativeTarget;
			buildConfigurationList = 165B28E3259EED7F00FEAFBD /* Build configuration list for PBXNativeTarget "CustomOperationControl" */;
			buildPhases = (
				165B28C6259EED7D00FEAFBD /* Sources */,
				165B28C7259EED7D00FEAFBD /* Frameworks */,
				165B28C8259EED7D00FEAFBD /* Resources */,
			);
			buildRules = (
			);
			dependencies = (
			);
			name = CustomOperationControl;
			productName = CustomOperationControl;
			productReference = 165B28CA259EED7D00FEAFBD /* CustomOperationControl.app */;
			productType = "com.apple.product-type.application";
		};
/* End PBXNativeTarget section */

/* Begin PBXProject section */
		165B28C2259EED7D00FEAFBD /* Project object */ = {
			isa = PBXProject;
			attributes = {
				LastUpgradeCheck = 1170;
				ORGANIZATIONNAME = renjinwei;
				TargetAttributes = {
					165B28C9259EED7D00FEAFBD = {
						CreatedOnToolsVersion = 11.7;
					};
				};
			};
			buildConfigurationList = 165B28C5259EED7D00FEAFBD /* Build configuration list for PBXProject "CustomOperationControl" */;
			compatibilityVersion = "Xcode 9.3";
			developmentRegion = en;
			hasScannedForEncodings = 0;
			knownRegions = (
				en,
				Base,
			);
			mainGroup = 165B28C1259EED7D00FEAFBD;
			productRefGroup = 165B28CB259EED7D00FEAFBD /* Products */;
			projectDirPath = "";
			projectRoot = "";
			targets = (
				165B28C9259EED7D00FEAFBD /* CustomOperationControl */,
			);
		};
/* End PBXProject section */

/* Begin PBXResourcesBuildPhase section */
		165B28C8259EED7D00FEAFBD /* Resources */ = {
			isa = PBXResourcesBuildPhase;
			buildActionMask = 2147483647;
			files = (
				165B28DD259EED7F00FEAFBD /* LaunchScreen.storyboard in Resources */,
				165B28DA259EED7F00FEAFBD /* Assets.xcassets in Resources */,
				165B28D8259EED7D00FEAFBD /* Main.storyboard in Resources */,
			);
			runOnlyForDeploymentPostprocessing = 0;
		};
/* End PBXResourcesBuildPhase section */

/* Begin PBXSourcesBuildPhase section */
		165B28C6259EED7D00FEAFBD /* Sources */ = {
			isa = PBXSourcesBuildPhase;
			buildActionMask = 2147483647;
			files = (
				165B28D5259EED7D00FEAFBD /* ViewController.m in Sources */,
				165B28CF259EED7D00FEAFBD /* AppDelegate.m in Sources */,
				165B28E0259EED7F00FEAFBD /* main.m in Sources */,
				165B28D2259EED7D00FEAFBD /* SceneDelegate.m in Sources */,
			);
			runOnlyForDeploymentPostprocessing = 0;
		};
/* End PBXSourcesBuildPhase section */

/* Begin PBXVariantGroup section */
		165B28D6259EED7D00FEAFBD /* Main.storyboard */ = {
			isa = PBXVariantGroup;
			children = (
				165B28D7259EED7D00FEAFBD /* Base */,
			);
			name = Main.storyboard;
			sourceTree = "<group>";
		};
		165B28DB259EED7F00FEAFBD /* LaunchScreen.storyboard */ = {
			isa = PBXVariantGroup;
			children = (
				165B28DC259EED7F00FEAFBD /* Base */,
			);
			name = LaunchScreen.storyboard;
			sourceTree = "<group>";
		};
/* End PBXVariantGroup section */

/* Begin XCBuildConfiguration section */
		165B28E1259EED7F00FEAFBD /* Debug */ = {
			isa = XCBuildConfiguration;
			buildSettings = {
				ALWAYS_SEARCH_USER_PATHS = NO;
				CLANG_ANALYZER_NONNULL = YES;
				CLANG_ANALYZER_NUMBER_OBJECT_CONVERSION = YES_AGGRESSIVE;
				CLANG_CXX_LANGUAGE_STANDARD = "gnu++14";
				CLANG_CXX_LIBRARY = "libc++";
				CLANG_ENABLE_MODULES = YES;
				CLANG_ENABLE_OBJC_ARC = YES;
				CLANG_ENABLE_OBJC_WEAK = YES;
				CLANG_WARN_BLOCK_CAPTURE_AUTORELEASING = YES;
				CLANG_WARN_BOOL_CONVERSION = YES;
				CLANG_WARN_COMMA = YES;
				CLANG_WARN_CONSTANT_CONVERSION = YES;
				CLANG_WARN_DEPRECATED_OBJC_IMPLEMENTATIONS = YES;
				CLANG_WARN_DIRECT_OBJC_ISA_USAGE = YES_ERROR;
				CLANG_WARN_DOCUMENTATION_COMMENTS = YES;
				CLANG_WARN_EMPTY_BODY = YES;
				CLANG_WARN_ENUM_CONVERSION = YES;
				CLANG_WARN_INFINITE_RECURSION = YES;
				CLANG_WARN_INT_CONVERSION = YES;
				CLANG_WARN_NON_LITERAL_NULL_CONVERSION = YES;
				CLANG_WARN_OBJC_IMPLICIT_RETAIN_SELF = YES;
				CLANG_WARN_OBJC_LITERAL_CONVERSION = YES;
				CLANG_WARN_OBJC_ROOT_CLASS = YES_ERROR;
				CLANG_WARN_RANGE_LOOP_ANALYSIS = YES;
				CLANG_WARN_STRICT_PROTOTYPES = YES;
				CLANG_WARN_SUSPICIOUS_MOVE = YES;
				CLANG_WARN_UNGUARDED_AVAILABILITY = YES_AGGRESSIVE;
				CLANG_WARN_UNREACHABLE_CODE = YES;
				CLANG_WARN__DUPLICATE_METHOD_MATCH = YES;
				COPY_PHASE_STRIP = NO;
				DEBUG_INFORMATION_FORMAT = dwarf;
				ENABLE_STRICT_OBJC_MSGSEND = YES;
				ENABLE_TESTABILITY = YES;
				GCC_C_LANGUAGE_STANDARD = gnu11;
				GCC_DYNAMIC_NO_PIC = NO;
				GCC_NO_COMMON_BLOCKS = YES;
				GCC_OPTIMIZATION_LEVEL = 0;
				GCC_PREPROCESSOR_DEFINITIONS = (
					"DEBUG=1",
					"$(inherited)",
				);
				GCC_WARN_64_TO_32_BIT_CONVERSION = YES;
				GCC_WARN_ABOUT_RETURN_TYPE = YES_ERROR;
				GCC_WARN_UNDECLARED_SELECTOR = YES;
				GCC_WARN_UNINITIALIZED_AUTOS = YES_AGGRESSIVE;
				GCC_WARN_UNUSED_FUNCTION = YES;
				GCC_WARN_UNUSED_VARIABLE = YES;
				IPHONEOS_DEPLOYMENT_TARGET = 13.7;
				MTL_ENABLE_DEBUG_INFO = INCLUDE_SOURCE;
				MTL_FAST_MATH = YES;
				ONLY_ACTIVE_ARCH = YES;
				SDKROOT = iphoneos;
			};
			name = Debug;
		};
		165B28E2259EED7F00FEAFBD /* Release */ = {
			isa = XCBuildConfiguration;
			buildSettings = {
				ALWAYS_SEARCH_USER_PATHS = NO;
				CLANG_ANALYZER_NONNULL = YES;
				CLANG_ANALYZER_NUMBER_OBJECT_CONVERSION = YES_AGGRESSIVE;
				CLANG_CXX_LANGUAGE_STANDARD = "gnu++14";
				CLANG_CXX_LIBRARY = "libc++";
				CLANG_ENABLE_MODULES = YES;
				CLANG_ENABLE_OBJC_ARC = YES;
				CLANG_ENABLE_OBJC_WEAK = YES;
				CLANG_WARN_BLOCK_CAPTURE_AUTORELEASING = YES;
				CLANG_WARN_BOOL_CONVERSION = YES;
				CLANG_WARN_COMMA = YES;
				CLANG_WARN_CONSTANT_CONVERSION = YES;
				CLANG_WARN_DEPRECATED_OBJC_IMPLEMENTATIONS = YES;
				CLANG_WARN_DIRECT_OBJC_ISA_USAGE = YES_ERROR;
				CLANG_WARN_DOCUMENTATION_COMMENTS = YES;
				CLANG_WARN_EMPTY_BODY = YES;
				CLANG_WARN_ENUM_CONVERSION = YES;
				CLANG_WARN_INFINITE_RECURSION = YES;
				CLANG_WARN_INT_CONVERSION = YES;
				CLANG_WARN_NON_LITERAL_NULL_CONVERSION = YES;
				CLANG_WARN_OBJC_IMPLICIT_RETAIN_SELF = YES;
				CLANG_WARN_OBJC_LITERAL_CONVERSION = YES;
				CLANG_WARN_OBJC_ROOT_CLASS = YES_ERROR;
				CLANG_WARN_RANGE_LOOP_ANALYSIS = YES;
				CLANG_WARN_STRICT_PROTOTYPES = YES;
				CLANG_WARN_SUSPICIOUS_MOVE = YES;
				CLANG_WARN_UNGUARDED_AVAILABILITY = YES_AGGRESSIVE;
				CLANG_WARN_UNREACHABLE_CODE = YES;
				CLANG_WARN__DUPLICATE_METHOD_MATCH = YES;
				COPY_PHASE_STRIP = NO;
				DEBUG_INFORMATION_FORMAT = "dwarf-with-dsym";
				ENABLE_NS_ASSERTIONS = NO;
				ENABLE_STRICT_OBJC_MSGSEND = YES;
				GCC_C_LANGUAGE_STANDARD = gnu11;
				GCC_NO_COMMON_BLOCKS = YES;
				GCC_WARN_64_TO_32_BIT_CONVERSION = YES;
				GCC_WARN_ABOUT_RETURN_TYPE = YES_ERROR;
				GCC_WARN_UNDECLARED_SELECTOR = YES;
				GCC_WARN_UNINITIALIZED_AUTOS = YES_AGGRESSIVE;
				GCC_WARN_UNUSED_FUNCTION = YES;
				GCC_WARN_UNUSED_VARIABLE = YES;
				IPHONEOS_DEPLOYMENT_TARGET = 13.7;
				MTL_ENABLE_DEBUG_INFO = NO;
				MTL_FAST_MATH = YES;
				SDKROOT = iphoneos;
				VALIDATE_PRODUCT = YES;
			};
			name = Release;
		};
		165B28E4259EED7F00FEAFBD /* Debug */ = {
			isa = XCBuildConfiguration;
			buildSettings = {
				ASSETCATALOG_COMPILER_APPICON_NAME = AppIcon;
				CODE_SIGN_STYLE = Automatic;
				INFOPLIST_FILE = CustomOperationControl/Info.plist;
				LD_RUNPATH_SEARCH_PATHS = (
					"$(inherited)",
					"@executable_path/Frameworks",
				);
				PRODUCT_BUNDLE_IDENTIFIER = com.cisco.CustomOperationControl;
				PRODUCT_NAME = "$(TARGET_NAME)";
				TARGETED_DEVICE_FAMILY = "1,2";
			};
			name = Debug;
		};
		165B28E5259EED7F00FEAFBD /* Release */ = {
			isa = XCBuildConfiguration;
			buildSettings = {
				ASSETCATALOG_COMPILER_APPICON_NAME = AppIcon;
				CODE_SIGN_STYLE = Automatic;
				INFOPLIST_FILE = CustomOperationControl/Info.plist;
				LD_RUNPATH_SEARCH_PATHS = (
					"$(inherited)",
					"@executable_path/Frameworks",
				);
				PRODUCT_BUNDLE_IDENTIFIER = com.cisco.CustomOperationControl;
				PRODUCT_NAME = "$(TARGET_NAME)";
				TARGETED_DEVICE_FAMILY = "1,2";
			};
			name = Release;
		};
/* End XCBuildConfiguration section */

/* Begin XCConfigurationList section */
		165B28C5259EED7D00FEAFBD /* Build configuration list for PBXProject "CustomOperationControl" */ = {
			isa = XCConfigurationList;
			buildConfigurations = (
				165B28E1259EED7F00FEAFBD /* Debug */,
				165B28E2259EED7F00FEAFBD /* Release */,
			);
			defaultConfigurationIsVisible = 0;
			defaultConfigurationName = Release;
		};
		165B28E3259EED7F00FEAFBD /* Build configuration list for PBXNativeTarget "CustomOperationControl" */ = {
			isa = XCConfigurationList;
			buildConfigurations = (
				165B28E4259EED7F00FEAFBD /* Debug */,
				165B28E5259EED7F00FEAFBD /* Release */,
			);
			defaultConfigurationIsVisible = 0;
			defaultConfigurationName = Release;
		};
/* End XCConfigurationList section */
	};
	rootObject = 165B28C2259EED7D00FEAFBD /* Project object */;
}
